
Microsoft Visual Studio Solution File, Format Version 12.00
# Visual Studio 2012
Project("{FAE04EC0-301F-11D3-BF4B-00C04F79EFBC}") = "DolPic.Service.Web", "DolPic.Service\DolPic.Service.Web.csproj", "{E01B3017-EC5E-4782-B56C-7624A83ABB4C}"
EndProject
Project("{FAE04EC0-301F-11D3-BF4B-00C04F79EFBC}") = "DolPic.Common", "DolPic.Common\DolPic.Common.csproj", "{48051F79-0498-45DD-BA48-241B28E00D11}"
EndProject
Project("{FAE04EC0-301F-11D3-BF4B-00C04F79EFBC}") = "DolPic.Biz", "DolPic.Biz\DolPic.Biz.csproj", "{5D21758D-7219-4A1D-BFA7-D716E1FB82CD}"
EndProject
Project("{FAE04EC0-301F-11D3-BF4B-00C04F79EFBC}") = "DolPic.Data", "DolPic.Data\DolPic.Data.csproj", "{5D6C3B93-A729-4B48-9B7B-87780B5C95BB}"
EndProject
Global
	GlobalSection(SolutionConfigurationPlatforms) = preSolution
		Debug|Any CPU = Debug|Any CPU
		Release|Any CPU = Release|Any CPU
	EndGlobalSection
	GlobalSection(ProjectConfigurationPlatforms) = postSolution
		{E01B3017-EC5E-4782-B56C-7624A83ABB4C}.Debug|Any CPU.ActiveCfg = Debug|Any CPU
		{E01B3017-EC5E-4782-B56C-7624A83ABB4C}.Debug|Any CPU.Build.0 = Debug|Any CPU
		{E01B3017-EC5E-4782-B56C-7624A83ABB4C}.Release|Any CPU.ActiveCfg = Release|Any CPU
		{E01B3017-EC5E-4782-B56C-7624A83ABB4C}.Release|Any CPU.Build.0 = Release|Any CPU
		{48051F79-0498-45DD-BA48-241B28E00D11}.Debug|Any CPU.ActiveCfg = Debug|Any CPU
		{48051F79-0498-45DD-BA48-241B28E00D11}.Debug|Any CPU.Build.0 = Debug|Any CPU
		{48051F79-0498-45DD-BA48-241B28E00D11}.Release|Any CPU.ActiveCfg = Release|Any CPU
		{48051F79-0498-45DD-BA48-241B28E00D11}.Release|Any CPU.Build.0 = Release|Any CPU
		{5D21758D-7219-4A1D-BFA7-D716E1FB82CD}.Debug|Any CPU.ActiveCfg = Debug|Any CPU
		{5D21758D-7219-4A1D-BFA7-D716E1FB82CD}.Debug|Any CPU.Build.0 = Debug|Any CPU
		{5D21758D-7219-4A1D-BFA7-D716E1FB82CD}.Release|Any CPU.ActiveCfg = Release|Any CPU
		{5D21758D-7219-4A1D-BFA7-D716E1FB82CD}.Release|Any CPU.Build.0 = Release|Any CPU
		{5D6C3B93-A729-4B48-9B7B-87780B5C95BB}.Debug|Any CPU.ActiveCfg = Debug|Any CPU
		{5D6C3B93-A729-4B48-9B7B-87780B5C95BB}.Debug|Any CPU.Build.0 = Debug|Any CPU
		{5D6C3B93-A729-4B48-9B7B-87780B5C95BB}.Release|Any CPU.ActiveCfg = Release|Any CPU
		{5D6C3B93-A729-4B48-9B7B-87780B5C95BB}.Release|Any CPU.Build.0 = Release|Any CPU
	EndGlobalSection
	GlobalSection(SolutionProperties) = preSolution
		HideSolutionNode = FALSE
	EndGlobalSection
EndGlobal
